
Microsoft Visual Studio Solution File, Format Version 12.00
# Visual Studio 15
VisualStudioVersion = 15.0.27428.2043
MinimumVisualStudioVersion = 10.0.40219.1
Project("{9A19103F-16F7-4668-BE54-9A1E7A4F7556}") = "BookStore", "BookStore.csproj", "{FB6FD55A-9EA3-43B4-852D-45E27D5D5121}"
EndProject
Global
	GlobalSection(SolutionConfigurationPlatforms) = preSolution
		Debug|Any CPU = Debug|Any CPU
		Release|Any CPU = Release|Any CPU
	EndGlobalSection
	GlobalSection(ProjectConfigurationPlatforms) = postSolution
		{FB6FD55A-9EA3-43B4-852D-45E27D5D5121}.Debug|Any CPU.ActiveCfg = Debug|Any CPU
		{FB6FD55A-9EA3-43B4-852D-45E27D5D5121}.Debug|Any CPU.Build.0 = Debug|Any CPU
		{FB6FD55A-9EA3-43B4-852D-45E27D5D5121}.Release|Any CPU.ActiveCfg = Release|Any CPU
		{FB6FD55A-9EA3-43B4-852D-45E27D5D5121}.Release|Any CPU.Build.0 = Release|Any CPU
	EndGlobalSection
	GlobalSection(SolutionProperties) = preSolution
		HideSolutionNode = FALSE
	EndGlobalSection
	GlobalSection(ExtensibilityGlobals) = postSolution
		SolutionGuid = {784667C5-CAC3-4FB8-B8FB-59B55E651C14}
	EndGlobalSection
EndGlobal
